
Microsoft Visual Studio Solution File, Format Version 12.00
# Visual Studio 15
VisualStudioVersion = 15.0.28307.572
MinimumVisualStudioVersion = 10.0.40219.1
Project("{FAE04EC0-301F-11D3-BF4B-00C04F79EFBC}") = "OrderManagement", "OrderManagement\OrderManagement.csproj", "{39264945-9727-492D-BBFB-E7B3CDA49123}"
EndProject
Global
	GlobalSection(SolutionConfigurationPlatforms) = preSolution
		Debug|Any CPU = Debug|Any CPU
		Release|Any CPU = Release|Any CPU
	EndGlobalSection
	GlobalSection(ProjectConfigurationPlatforms) = postSolution
		{39264945-9727-492D-BBFB-E7B3CDA49123}.Debug|Any CPU.ActiveCfg = Debug|Any CPU
		{39264945-9727-492D-BBFB-E7B3CDA49123}.Debug|Any CPU.Build.0 = Debug|Any CPU
		{39264945-9727-492D-BBFB-E7B3CDA49123}.Release|Any CPU.ActiveCfg = Release|Any CPU
		{39264945-9727-492D-BBFB-E7B3CDA49123}.Release|Any CPU.Build.0 = Release|Any CPU
	EndGlobalSection
	GlobalSection(SolutionProperties) = preSolution
		HideSolutionNode = FALSE
	EndGlobalSection
	GlobalSection(ExtensibilityGlobals) = postSolution
		SolutionGuid = {C107E799-C283-46FB-B830-C84D3CB09E1D}
	EndGlobalSection
EndGlobal
